
Microsoft Visual Studio Solution File, Format Version 12.00
# Visual Studio Version 16
VisualStudioVersion = 16.0.31112.23
MinimumVisualStudioVersion = 10.0.40219.1
Project("{9A19103F-16F7-4668-BE54-9A1E7A4F7556}") = "SamuraiApp.Data", "SamuraiApp.Data\SamuraiApp.Data.csproj", "{3AE52671-7B1A-407C-8D8C-A6FDD83F9B2B}"
EndProject
Project("{9A19103F-16F7-4668-BE54-9A1E7A4F7556}") = "SamuraiApp.Domain", "SamuraiApp.Domain\SamuraiApp.Domain.csproj", "{0B458B6A-3648-46F1-A272-4BD3A0F9A542}"
EndProject
Project("{FAE04EC0-301F-11D3-BF4B-00C04F79EFBC}") = "SamuraiAPI", "SamuraiApp\SamuraiAPI.csproj", "{B0CBFE8D-61DB-47A2-91F9-C73E6A332BFE}"
EndProject
Global
	GlobalSection(SolutionConfigurationPlatforms) = preSolution
		Debug|Any CPU = Debug|Any CPU
		Release|Any CPU = Release|Any CPU
	EndGlobalSection
	GlobalSection(ProjectConfigurationPlatforms) = postSolution
		{3AE52671-7B1A-407C-8D8C-A6FDD83F9B2B}.Debug|Any CPU.ActiveCfg = Debug|Any CPU
		{3AE52671-7B1A-407C-8D8C-A6FDD83F9B2B}.Debug|Any CPU.Build.0 = Debug|Any CPU
		{3AE52671-7B1A-407C-8D8C-A6FDD83F9B2B}.Release|Any CPU.ActiveCfg = Release|Any CPU
		{3AE52671-7B1A-407C-8D8C-A6FDD83F9B2B}.Release|Any CPU.Build.0 = Release|Any CPU
		{0B458B6A-3648-46F1-A272-4BD3A0F9A542}.Debug|Any CPU.ActiveCfg = Debug|Any CPU
		{0B458B6A-3648-46F1-A272-4BD3A0F9A542}.Debug|Any CPU.Build.0 = Debug|Any CPU
		{0B458B6A-3648-46F1-A272-4BD3A0F9A542}.Release|Any CPU.ActiveCfg = Release|Any CPU
		{0B458B6A-3648-46F1-A272-4BD3A0F9A542}.Release|Any CPU.Build.0 = Release|Any CPU
		{B0CBFE8D-61DB-47A2-91F9-C73E6A332BFE}.Debug|Any CPU.ActiveCfg = Debug|Any CPU
		{B0CBFE8D-61DB-47A2-91F9-C73E6A332BFE}.Debug|Any CPU.Build.0 = Debug|Any CPU
		{B0CBFE8D-61DB-47A2-91F9-C73E6A332BFE}.Release|Any CPU.ActiveCfg = Release|Any CPU
		{B0CBFE8D-61DB-47A2-91F9-C73E6A332BFE}.Release|Any CPU.Build.0 = Release|Any CPU
	EndGlobalSection
	GlobalSection(SolutionProperties) = preSolution
		HideSolutionNode = FALSE
	EndGlobalSection
	GlobalSection(ExtensibilityGlobals) = postSolution
		SolutionGuid = {EB3C5278-E6D7-44A5-A721-F2C395F79CAD}
	EndGlobalSection
EndGlobal
